
Microsoft Visual Studio Solution File, Format Version 12.00
# Visual Studio Version 16
VisualStudioVersion = 16.0.30011.22
MinimumVisualStudioVersion = 10.0.40219.1
Project("{9A19103F-16F7-4668-BE54-9A1E7A4F7556}") = "WalletOneTest", "WalletOneTest\WalletOneTest.csproj", "{6B32A013-1B60-441C-9D7B-65584B101795}"
EndProject
Project("{9A19103F-16F7-4668-BE54-9A1E7A4F7556}") = "DataAccessLayer", "DataAccessLayer\DataAccessLayer.csproj", "{4E77CE76-A6BC-41F1-98B6-F0F9EA77F332}"
EndProject
Project("{FAE04EC0-301F-11D3-BF4B-00C04F79EFBC}") = "BusinessLayer", "BusinessLayer\BusinessLayer.csproj", "{917DE3FA-B473-4C15-80FF-F68B74E60E7C}"
EndProject
Global
	GlobalSection(SolutionConfigurationPlatforms) = preSolution
		Debug|Any CPU = Debug|Any CPU
		Release|Any CPU = Release|Any CPU
	EndGlobalSection
	GlobalSection(ProjectConfigurationPlatforms) = postSolution
		{6B32A013-1B60-441C-9D7B-65584B101795}.Debug|Any CPU.ActiveCfg = Debug|Any CPU
		{6B32A013-1B60-441C-9D7B-65584B101795}.Debug|Any CPU.Build.0 = Debug|Any CPU
		{6B32A013-1B60-441C-9D7B-65584B101795}.Release|Any CPU.ActiveCfg = Release|Any CPU
		{6B32A013-1B60-441C-9D7B-65584B101795}.Release|Any CPU.Build.0 = Release|Any CPU
		{4E77CE76-A6BC-41F1-98B6-F0F9EA77F332}.Debug|Any CPU.ActiveCfg = Debug|Any CPU
		{4E77CE76-A6BC-41F1-98B6-F0F9EA77F332}.Debug|Any CPU.Build.0 = Debug|Any CPU
		{4E77CE76-A6BC-41F1-98B6-F0F9EA77F332}.Release|Any CPU.ActiveCfg = Release|Any CPU
		{4E77CE76-A6BC-41F1-98B6-F0F9EA77F332}.Release|Any CPU.Build.0 = Release|Any CPU
		{917DE3FA-B473-4C15-80FF-F68B74E60E7C}.Debug|Any CPU.ActiveCfg = Debug|Any CPU
		{917DE3FA-B473-4C15-80FF-F68B74E60E7C}.Debug|Any CPU.Build.0 = Debug|Any CPU
		{917DE3FA-B473-4C15-80FF-F68B74E60E7C}.Release|Any CPU.ActiveCfg = Release|Any CPU
		{917DE3FA-B473-4C15-80FF-F68B74E60E7C}.Release|Any CPU.Build.0 = Release|Any CPU
	EndGlobalSection
	GlobalSection(SolutionProperties) = preSolution
		HideSolutionNode = FALSE
	EndGlobalSection
	GlobalSection(ExtensibilityGlobals) = postSolution
		SolutionGuid = {8869743C-7445-451A-8741-8733E3337DB3}
	EndGlobalSection
EndGlobal
